# This file is automatically @generated by Poetry 2.1.3 and should not be changed by hand.

[[package]]
name = "asgiref"
version = "3.8.1"
description = "ASGI specs, helper code, and adapters"
optional = false
python-versions = ">=3.8"
groups = ["main"]
files = [
    {file = "asgiref-3.8.1-py3-none-any.whl", hash = "sha256:3e1e3ecc849832fe52ccf2cb6686b7a55f82bb1d6aee72a58826471390335e47"},
    {file = "asgiref-3.8.1.tar.gz", hash = "sha256:c343bd80a0bec947a9860adb4c432ffa7db769836c64238fc34bdc3fec84d590"},
]

[package.dependencies]
typing-extensions = {version = ">=4", markers = "python_version < \"3.11\""}

[package.extras]
tests = ["mypy (>=0.800)", "pytest", "pytest-asyncio"]

[[package]]
name = "colorama"
version = "0.4.6"
description = "Cross-platform colored terminal text."
optional = false
python-versions = "!=3.0.*,!=3.1.*,!=3.2.*,!=3.3.*,!=3.4.*,!=3.5.*,!=3.6.*,>=2.7"
groups = ["main"]
markers = "sys_platform == \"win32\""
files = [
    {file = "colorama-0.4.6-py2.py3-none-any.whl", hash = "sha256:4f1d9991f5acc0ca119f9d443620b77f9d6b33703e51011c16baf57afb285fc6"},
    {file = "colorama-0.4.6.tar.gz", hash = "sha256:08695f5cb7ed6e0531a20572697297273c47b8cae5a63ffc6d6ed5c201be6e44"},
]

[[package]]
name = "crispy-bootstrap4"
version = "2024.10"
description = "Bootstrap4 template pack for django-crispy-forms"
optional = false
python-versions = ">=3.8"
groups = ["main"]
files = [
    {file = "crispy-bootstrap4-2024.10.tar.gz", hash = "sha256:503e8922b0f3b5262a6fdf303a3a94eb2a07514812f1ca130b88f7c02dd25e2b"},
    {file = "crispy_bootstrap4-2024.10-py3-none-any.whl", hash = "sha256:138a97884044ae4c4799c80595b36c42066e4e933431e2e971611e251c84f96c"},
]

[package.dependencies]
django = ">=4.2"
django-crispy-forms = ">=2.3"

[[package]]
name = "dj-rest-auth"
version = "7.0.1"
description = "Authentication and Registration in Django Rest Framework"
optional = false
python-versions = ">=3.8"
groups = ["main"]
files = [
    {file = "dj-rest-auth-7.0.1.tar.gz", hash = "sha256:3f8c744cbcf05355ff4bcbef0c8a63645da38e29a0fdef3c3332d4aced52fb90"},
]

[package.dependencies]
Django = ">=4.2,<6.0"
djangorestframework = ">=3.13.0"

[package.extras]
with-social = ["django-allauth[socialaccount] (>=64.0.0)"]

[[package]]
name = "django"
version = "5.1.4"
description = "A high-level Python web framework that encourages rapid development and clean, pragmatic design."
optional = false
python-versions = ">=3.10"
groups = ["main"]
files = [
    {file = "Django-5.1.4-py3-none-any.whl", hash = "sha256:236e023f021f5ce7dee5779de7b286565fdea5f4ab86bae5338e3f7b69896cf0"},
    {file = "Django-5.1.4.tar.gz", hash = "sha256:de450c09e91879fa5a307f696e57c851955c910a438a35e6b4c895e86bedc82a"},
]

[package.dependencies]
asgiref = ">=3.8.1,<4"
sqlparse = ">=0.3.1"
tzdata = {version = "*", markers = "sys_platform == \"win32\""}

[package.extras]
argon2 = ["argon2-cffi (>=19.1.0)"]
bcrypt = ["bcrypt"]

[[package]]
name = "django-axes"
version = "7.0.2"
description = "Keep track of failed login attempts in Django-powered sites."
optional = false
python-versions = ">=3.7"
groups = ["main"]
files = [
    {file = "django_axes-7.0.2-py3-none-any.whl", hash = "sha256:893dacce259d39e8cbcff655c61a008b3b827797c2f733f64fd9baf6bc7256e9"},
    {file = "django_axes-7.0.2.tar.gz", hash = "sha256:a96bd6cdca9fbcbd250cf5ce1d92bfc72f2ce64b928804d9802d30a090406c59"},
]

[package.dependencies]
asgiref = ">=3.6.0"
django = ">=3.2"

[package.extras]
ipware = ["django-ipware (>=3)"]

[[package]]
name = "django-crispy-forms"
version = "2.3"
description = "Best way to have Django DRY forms"
optional = false
python-versions = ">=3.8"
groups = ["main"]
files = [
    {file = "django_crispy_forms-2.3-py3-none-any.whl", hash = "sha256:efc4c31e5202bbec6af70d383a35e12fc80ea769d464fb0e7fe21768bb138a20"},
    {file = "django_crispy_forms-2.3.tar.gz", hash = "sha256:2db17ae08527201be1273f0df789e5f92819e23dd28fec69cffba7f3762e1a38"},
]

[package.dependencies]
django = ">=4.2"

[[package]]
name = "django-extensions"
version = "3.2.3"
description = "Extensions for Django"
optional = false
python-versions = ">=3.6"
groups = ["main"]
files = [
    {file = "django-extensions-3.2.3.tar.gz", hash = "sha256:44d27919d04e23b3f40231c4ab7af4e61ce832ef46d610cc650d53e68328410a"},
    {file = "django_extensions-3.2.3-py3-none-any.whl", hash = "sha256:9600b7562f79a92cbf1fde6403c04fee314608fefbb595502e34383ae8203401"},
]

[package.dependencies]
Django = ">=3.2"

[[package]]
name = "django-filter"
version = "24.3"
description = "Django-filter is a reusable Django application for allowing users to filter querysets dynamically."
optional = false
python-versions = ">=3.8"
groups = ["main"]
files = [
    {file = "django_filter-24.3-py3-none-any.whl", hash = "sha256:c4852822928ce17fb699bcfccd644b3574f1a2d80aeb2b4ff4f16b02dd49dc64"},
    {file = "django_filter-24.3.tar.gz", hash = "sha256:d8ccaf6732afd21ca0542f6733b11591030fa98669f8d15599b358e24a2cd9c3"},
]

[package.dependencies]
Django = ">=4.2"

[[package]]
name = "django-otp"
version = "1.6.0"
description = "A pluggable framework for adding two-factor authentication to Django using one-time passwords."
optional = false
python-versions = ">=3.7"
groups = ["main"]
files = [
    {file = "django_otp-1.6.0-py3-none-any.whl", hash = "sha256:34d9c478ced2d8c8d952428066565c7a9a96722b7f4ec8e041d161e82a85528f"},
    {file = "django_otp-1.6.0.tar.gz", hash = "sha256:13762d5d0ce52f68a9250ab186d36d9971d67271c05f15f533d73b09f2014667"},
]

[package.dependencies]
django = ">=4.2"

[package.extras]
qrcode = ["qrcode"]
segno = ["segno"]

[[package]]
name = "django-tables2"
version = "2.7.5"
description = "Table/data-grid framework for Django"
optional = false
python-versions = ">=3.9"
groups = ["main"]
files = [
    {file = "django_tables2-2.7.5-py3-none-any.whl", hash = "sha256:d9338937797207ffb6f481be2125c5ec3a0bb1858d409c672cc25fc5d654cb22"},
    {file = "django_tables2-2.7.5.tar.gz", hash = "sha256:fb5dcaa09379cf3947598ec7e1bd5f26ed63aafdee3b23963446763bbeac37bf"},
]

[package.dependencies]
django = ">=4.2"

[package.extras]
tablib = ["tablib"]

[[package]]
name = "django-taggit"
version = "6.1.0"
description = "django-taggit is a reusable Django application for simple tagging."
optional = false
python-versions = ">=3.8"
groups = ["main"]
files = [
    {file = "django_taggit-6.1.0-py3-none-any.whl", hash = "sha256:ab776264bbc76cb3d7e49e1bf9054962457831bd21c3a42db9138b41956e4cf0"},
    {file = "django_taggit-6.1.0.tar.gz", hash = "sha256:c4d1199e6df34125dd36db5eb0efe545b254dec3980ce5dd80e6bab3e78757c3"},
]

[package.dependencies]
Django = ">=4.1"

[[package]]
name = "djangorestframework"
version = "3.15.2"
description = "Web APIs for Django, made easy."
optional = false
python-versions = ">=3.8"
groups = ["main"]
files = [
    {file = "djangorestframework-3.15.2-py3-none-any.whl", hash = "sha256:2b8871b062ba1aefc2de01f773875441a961fefbf79f5eed1e32b2f096944b20"},
    {file = "djangorestframework-3.15.2.tar.gz", hash = "sha256:36fe88cd2d6c6bec23dca9804bab2ba5517a8bb9d8f47ebc68981b56840107ad"},
]

[package.dependencies]
django = ">=4.2"

[[package]]
name = "djangorestframework-simplejwt"
version = "5.5.0"
description = "A minimal JSON Web Token authentication plugin for Django REST Framework"
optional = false
python-versions = ">=3.9"
groups = ["main"]
files = [
    {file = "djangorestframework_simplejwt-5.5.0-py3-none-any.whl", hash = "sha256:4ef6b38af20cdde4a4a51d1fd8e063cbbabb7b45f149cc885d38d905c5a62edb"},
    {file = "djangorestframework_simplejwt-5.5.0.tar.gz", hash = "sha256:474a1b737067e6462b3609627a392d13a4da8a08b1f0574104ac6d7b1406f90e"},
]

[package.dependencies]
django = ">=4.2"
djangorestframework = ">=3.14"
pyjwt = ">=1.7.1,<2.10.0"

[package.extras]
crypto = ["cryptography (>=3.3.1)"]
dev = ["Sphinx (>=1.6.5,<2)", "cryptography", "freezegun", "ipython", "pre-commit", "pytest", "pytest-cov", "pytest-django", "pytest-watch", "pytest-xdist", "python-jose (==3.3.0)", "pyupgrade", "ruff", "sphinx_rtd_theme (>=0.1.9)", "tox", "twine", "wheel", "yesqa"]
doc = ["Sphinx (>=1.6.5,<2)", "sphinx_rtd_theme (>=0.1.9)"]
lint = ["pre-commit", "pyupgrade", "ruff", "yesqa"]
python-jose = ["python-jose (==3.3.0)"]
test = ["cryptography", "freezegun", "pytest", "pytest-cov", "pytest-django", "pytest-xdist", "tox"]

[[package]]
name = "markdown2"
version = "2.5.3"
description = "A fast and complete Python implementation of Markdown"
optional = false
python-versions = "<4,>=3.9"
groups = ["main"]
files = [
    {file = "markdown2-2.5.3-py3-none-any.whl", hash = "sha256:a8ebb7e84b8519c37bf7382b3db600f1798a22c245bfd754a1f87ca8d7ea63b3"},
    {file = "markdown2-2.5.3.tar.gz", hash = "sha256:4d502953a4633408b0ab3ec503c5d6984d1b14307e32b325ec7d16ea57524895"},
]

[package.extras]
all = ["latex2mathml ; python_version >= \"3.8.1\"", "pygments (>=2.7.3)", "wavedrom"]
code-syntax-highlighting = ["pygments (>=2.7.3)"]
latex = ["latex2mathml ; python_version >= \"3.8.1\""]
wavedrom = ["wavedrom"]

[[package]]
name = "pyjwt"
version = "2.9.0"
description = "JSON Web Token implementation in Python"
optional = false
python-versions = ">=3.8"
groups = ["main"]
files = [
    {file = "PyJWT-2.9.0-py3-none-any.whl", hash = "sha256:3b02fb0f44517787776cf48f2ae25d8e14f300e6d7545a4315cee571a415e850"},
    {file = "pyjwt-2.9.0.tar.gz", hash = "sha256:7e1e5b56cc735432a7369cbfa0efe50fa113ebecdc04ae6922deba8b84582d0c"},
]

[package.extras]
crypto = ["cryptography (>=3.4.0)"]
dev = ["coverage[toml] (==5.0.4)", "cryptography (>=3.4.0)", "pre-commit", "pytest (>=6.0.0,<7.0.0)", "sphinx", "sphinx-rtd-theme", "zope.interface"]
docs = ["sphinx", "sphinx-rtd-theme", "zope.interface"]
tests = ["coverage[toml] (==5.0.4)", "pytest (>=6.0.0,<7.0.0)"]

[[package]]
name = "qrcode"
version = "8.0"
description = "QR Code image generator"
optional = false
python-versions = "<4.0,>=3.9"
groups = ["main"]
files = [
    {file = "qrcode-8.0-py3-none-any.whl", hash = "sha256:9fc05f03305ad27a709eb742cf3097fa19e6f6f93bb9e2f039c0979190f6f1b1"},
    {file = "qrcode-8.0.tar.gz", hash = "sha256:025ce2b150f7fe4296d116ee9bad455a6643ab4f6e7dce541613a4758cbce347"},
]

[package.dependencies]
colorama = {version = "*", markers = "sys_platform == \"win32\""}

[package.extras]
all = ["pillow (>=9.1.0)", "pypng"]
pil = ["pillow (>=9.1.0)"]
png = ["pypng"]

[[package]]
name = "sqlparse"
version = "0.5.3"
description = "A non-validating SQL parser."
optional = false
python-versions = ">=3.8"
groups = ["main"]
files = [
    {file = "sqlparse-0.5.3-py3-none-any.whl", hash = "sha256:cf2196ed3418f3ba5de6af7e82c694a9fbdbfecccdfc72e281548517081f16ca"},
    {file = "sqlparse-0.5.3.tar.gz", hash = "sha256:09f67787f56a0b16ecdbde1bfc7f5d9c3371ca683cfeaa8e6ff60b4807ec9272"},
]

[package.extras]
dev = ["build", "hatch"]
doc = ["sphinx"]

[[package]]
name = "typing-extensions"
version = "4.13.2"
description = "Backported and Experimental Type Hints for Python 3.8+"
optional = false
python-versions = ">=3.8"
groups = ["main"]
markers = "python_version == \"3.10\""
files = [
    {file = "typing_extensions-4.13.2-py3-none-any.whl", hash = "sha256:a439e7c04b49fec3e5d3e2beaa21755cadbbdc391694e28ccdd36ca4a1408f8c"},
    {file = "typing_extensions-4.13.2.tar.gz", hash = "sha256:e6c81219bd689f51865d9e372991c540bda33a0379d5573cddb9a3a23f7caaef"},
]

[[package]]
name = "tzdata"
version = "2025.2"
description = "Provider of IANA time zone data"
optional = false
python-versions = ">=2"
groups = ["main"]
markers = "sys_platform == \"win32\""
files = [
    {file = "tzdata-2025.2-py2.py3-none-any.whl", hash = "sha256:1a403fada01ff9221ca8044d701868fa132215d84beb92242d9acd2147f667a8"},
    {file = "tzdata-2025.2.tar.gz", hash = "sha256:b60a638fcc0daffadf82fe0f57e53d06bdec2f36c4df66280ae79bce6bd6f2b9"},
]

[metadata]
lock-version = "2.1"
python-versions = ">=3.10,<4.0"
content-hash = "89ab421eb09002d3a3d68b2ea5df1772fd9e4279052d03a2031c78dd680f04d3"
